# @generated - this file is auto-generated by `mise lock` https://mise.jdx.dev/dev-tools/mise-lock.html

lockfile_version = 2

[[tools.actionlint]]
version = "1.7.12"
backend = "aqua:rhysd/actionlint"
specifiers = ["1.7.12"]

[tools.actionlint."platforms.linux-x64"]
checksum = "sha256:8aca8db96f1b94770f1b0d72b6dddcb1ebb8123cb3712530b08cc387b349a3d8"
url = "https://github.com/rhysd/actionlint/releases/download/v1.7.12/actionlint_1.7.12_linux_amd64.tar.gz"
url_api = "https://api.github.com/repos/rhysd/actionlint/releases/assets/384924896"
provenance = "github-attestations"

[tools.actionlint."platforms.macos-arm64"]
checksum = "sha256:aba9ced2dee8d27fecca3dc7feb1a7f9a52caefa1eb46f3271ea66b6e0e6953f"
url = "https://github.com/rhysd/actionlint/releases/download/v1.7.12/actionlint_1.7.12_darwin_arm64.tar.gz"
url_api = "https://api.github.com/repos/rhysd/actionlint/releases/assets/384924893"
provenance = "github-attestations"

[tools.actionlint."platforms.macos-x64"]
checksum = "sha256:5b44c3bc2255115c9b69e30efc0fecdf498fdb63c5d58e17084fd5f16324c644"
url = "https://github.com/rhysd/actionlint/releases/download/v1.7.12/actionlint_1.7.12_darwin_amd64.tar.gz"
url_api = "https://api.github.com/repos/rhysd/actionlint/releases/assets/384924880"
provenance = "github-attestations"

[tools.actionlint."platforms.windows-x64"]
checksum = "sha256:6e7241b51e6817ea6a047693d8e6fed13b31819c9a0dd6c5a726e1592d22f6e9"
url = "https://github.com/rhysd/actionlint/releases/download/v1.7.12/actionlint_1.7.12_windows_amd64.zip"
url_api = "https://api.github.com/repos/rhysd/actionlint/releases/assets/384924919"
provenance = "github-attestations"

[[tools.ast-grep]]
version = "0.45.3"
backend = "aqua:ast-grep/ast-grep"
specifiers = ["0.45.3"]

[tools.ast-grep."platforms.linux-x64"]
checksum = "sha256:f8ac830881339d1edee6b2652f54798c0f4da5a827f2db38a08ee31117783ce8"
url = "https://github.com/ast-grep/ast-grep/releases/download/0.45.3/app-x86_64-unknown-linux-gnu.zip"
url_api = "https://api.github.com/repos/ast-grep/ast-grep/releases/assets/537332692"

[tools.ast-grep."platforms.macos-arm64"]
checksum = "sha256:6d2279dea5bea2ad79c66ea93f5fe54ba926e398a8a26de76c56db68fe59eac6"
url = "https://github.com/ast-grep/ast-grep/releases/download/0.45.3/app-aarch64-apple-darwin.zip"
url_api = "https://api.github.com/repos/ast-grep/ast-grep/releases/assets/537332514"

[tools.ast-grep."platforms.macos-x64"]
checksum = "sha256:b2ffd26f42810340326a9e8a084bdc3647a8795c1a3f21fc06bd7bef3c7c5b2c"
url = "https://github.com/ast-grep/ast-grep/releases/download/0.45.3/app-x86_64-apple-darwin.zip"
url_api = "https://api.github.com/repos/ast-grep/ast-grep/releases/assets/537333391"

[tools.ast-grep."platforms.windows-x64"]
checksum = "sha256:3751b7d6be7fd39a80df1180ffe7e053903dcf92d3190e5a8336ff1746af9059"
url = "https://github.com/ast-grep/ast-grep/releases/download/0.45.3/app-x86_64-pc-windows-msvc.zip"
url_api = "https://api.github.com/repos/ast-grep/ast-grep/releases/assets/537334241"

[[tools.cmake]]
version = "4.4.4"
backend = "aqua:Kitware/CMake"
specifiers = ["4.4.4"]

[tools.cmake."platforms.linux-x64"]
checksum = "sha256:e5bb807f7728cb60cd8b27ebc97a2edb469b68655f21e844a600c3575b76f5bb"
url = "https://github.com/Kitware/CMake/releases/download/v4.4.4/cmake-4.4.4-linux-x86_64.tar.gz"
url_api = "https://api.github.com/repos/Kitware/CMake/releases/assets/605992585"

[tools.cmake."platforms.macos-arm64"]
checksum = "sha256:4b7b73704b1db9b374e5c9ab8e17ac6148b817b6396ee75cd94a852cbac9d305"
url = "https://github.com/Kitware/CMake/releases/download/v4.4.4/cmake-4.4.4-macos-universal.tar.gz"
url_api = "https://api.github.com/repos/Kitware/CMake/releases/assets/605993514"

[tools.cmake."platforms.macos-x64"]
checksum = "sha256:4b7b73704b1db9b374e5c9ab8e17ac6148b817b6396ee75cd94a852cbac9d305"
url = "https://github.com/Kitware/CMake/releases/download/v4.4.4/cmake-4.4.4-macos-universal.tar.gz"
url_api = "https://api.github.com/repos/Kitware/CMake/releases/assets/605993514"

[tools.cmake."platforms.windows-x64"]
checksum = "sha256:bace36e94b31c68ab6fa295f26dfa11219e0701cf7c94b0284a7d1cb13dac536"
url = "https://github.com/Kitware/CMake/releases/download/v4.4.4/cmake-4.4.4-windows-x86_64.zip"
url_api = "https://api.github.com/repos/Kitware/CMake/releases/assets/605998125"

[[tools.gh]]
version = "2.101.0"
backend = "aqua:cli/cli"
specifiers = ["2.101.0"]

[tools.gh."platforms.linux-x64"]
checksum = "sha256:9bca2d1c16825f109907a23307628a2f0698fbf99662b73a5cf0b020293072b8"
url = "https://github.com/cli/cli/releases/download/v2.101.0/gh_2.101.0_linux_amd64.tar.gz"
url_api = "https://api.github.com/repos/cli/cli/releases/assets/565857134"
provenance = "github-attestations"

[tools.gh."platforms.macos-arm64"]
checksum = "sha256:e4303e39d8f07141c4bad4b99b01079f05029c59b27076e8fbc825c985ecdd8b"
url = "https://github.com/cli/cli/releases/download/v2.101.0/gh_2.101.0_macOS_arm64.zip"
url_api = "https://api.github.com/repos/cli/cli/releases/assets/565857200"
provenance = "github-attestations"

[tools.gh."platforms.macos-x64"]
checksum = "sha256:a6fd66c88e2f07d6e4e058173db341d07dd74d58cf8f19ae668293d2bb614ca3"
url = "https://github.com/cli/cli/releases/download/v2.101.0/gh_2.101.0_macOS_amd64.zip"
url_api = "https://api.github.com/repos/cli/cli/releases/assets/565857203"
provenance = "github-attestations"

[tools.gh."platforms.windows-x64"]
checksum = "sha256:bc6c814367b193cd8e713611d61e36013c0ef843b8f516458fe3eda039192794"
url = "https://github.com/cli/cli/releases/download/v2.101.0/gh_2.101.0_windows_amd64.zip"
url_api = "https://api.github.com/repos/cli/cli/releases/assets/565857681"
provenance = "github-attestations"

[[tools.ls-lint]]
version = "2.3.1"
backend = "aqua:loeffel-io/ls-lint"
specifiers = ["2.3.1"]

[tools.ls-lint."platforms.linux-x64"]
checksum = "sha256:b5a0d2e4427ad039fbc574551f17679f38f142b25d15e0e538769f8cf15af397"
url = "https://github.com/loeffel-io/ls-lint/releases/download/v2.3.1/ls-lint-linux-amd64"
url_api = "https://api.github.com/repos/loeffel-io/ls-lint/releases/assets/260857547"

[tools.ls-lint."platforms.macos-arm64"]
checksum = "sha256:e4ed2ce2b7b61d6685769e34c6375ccecb14a3f00ee59438cf82d01d6236a3c4"
url = "https://github.com/loeffel-io/ls-lint/releases/download/v2.3.1/ls-lint-darwin-arm64"
url_api = "https://api.github.com/repos/loeffel-io/ls-lint/releases/assets/260857541"

[tools.ls-lint."platforms.macos-x64"]
checksum = "sha256:fc17fc642e95fd8bf7030ed661e86758bee654f6e11f1e31a5f21887f47f73ae"
url = "https://github.com/loeffel-io/ls-lint/releases/download/v2.3.1/ls-lint-darwin-amd64"
url_api = "https://api.github.com/repos/loeffel-io/ls-lint/releases/assets/260857543"

[tools.ls-lint."platforms.windows-x64"]
checksum = "sha256:94e5cfb9468e597cb513fb7a8bf26499c9315ebd505d960c74e2d4849167bd31"
url = "https://github.com/loeffel-io/ls-lint/releases/download/v2.3.1/ls-lint-windows-amd64.exe"
url_api = "https://api.github.com/repos/loeffel-io/ls-lint/releases/assets/260857557"

[[tools.lychee]]
version = "0.24.2"
backend = "aqua:lycheeverse/lychee"
specifiers = ["0.24.2"]

[tools.lychee."platforms.linux-x64"]
checksum = "sha256:1f4e0ef7f6554a6ed33dd7ac144fb2e1bbed98598e7af973042fc5cd43951c9a"
url = "https://github.com/lycheeverse/lychee/releases/download/lychee-v0.24.2/lychee-x86_64-unknown-linux-gnu.tar.gz"
url_api = "https://api.github.com/repos/lycheeverse/lychee/releases/assets/409959156"

[tools.lychee."platforms.macos-arm64"]
checksum = "sha256:c9d3740ea2d891854d37116c9fba840f37b6e7c89d330e7db84ac333631c4977"
url = "https://github.com/lycheeverse/lychee/releases/download/lychee-v0.24.2/lychee-aarch64-apple-darwin.tar.gz"
url_api = "https://api.github.com/repos/lycheeverse/lychee/releases/assets/409957951"

[tools.lychee."platforms.macos-x64"]
checksum = "sha256:887503a9cff667d322b8d0892b40bf49976eb9507af8483220a3706cdad55978"
url = "https://github.com/lycheeverse/lychee/releases/download/lychee-v0.24.2/lychee-x86_64-apple-darwin.tar.gz"
url_api = "https://api.github.com/repos/lycheeverse/lychee/releases/assets/409957687"

[tools.lychee."platforms.windows-x64"]
checksum = "sha256:32975d1493ee1a975d6bb41e4fb56fe419cb442ded628bb772ba2e614acfacad"
url = "https://github.com/lycheeverse/lychee/releases/download/lychee-v0.24.2/lychee-x86_64-pc-windows-msvc.zip"
url_api = "https://api.github.com/repos/lycheeverse/lychee/releases/assets/409959491"

[[tools.ninja]]
version = "1.13.2"
backend = "aqua:ninja-build/ninja"
specifiers = ["1.13.2"]

[tools.ninja."platforms.linux-x64"]
checksum = "sha256:5749cbc4e668273514150a80e387a957f933c6ed3f5f11e03fb30955e2bbead6"
url = "https://github.com/ninja-build/ninja/releases/download/v1.13.2/ninja-linux.zip"
url_api = "https://api.github.com/repos/ninja-build/ninja/releases/assets/318865358"

[tools.ninja."platforms.macos-arm64"]
checksum = "sha256:c99048673aa765960a99cf10c6ddb9f1fad506099ff0a0e137ad8960a88f321b"
url = "https://github.com/ninja-build/ninja/releases/download/v1.13.2/ninja-mac.zip"
url_api = "https://api.github.com/repos/ninja-build/ninja/releases/assets/318863524"

[tools.ninja."platforms.macos-x64"]
checksum = "sha256:c99048673aa765960a99cf10c6ddb9f1fad506099ff0a0e137ad8960a88f321b"
url = "https://github.com/ninja-build/ninja/releases/download/v1.13.2/ninja-mac.zip"
url_api = "https://api.github.com/repos/ninja-build/ninja/releases/assets/318863524"

[tools.ninja."platforms.windows-x64"]
checksum = "sha256:07fc8261b42b20e71d1720b39068c2e14ffcee6396b76fb7a795fb460b78dc65"
url = "https://github.com/ninja-build/ninja/releases/download/v1.13.2/ninja-win.zip"
url_api = "https://api.github.com/repos/ninja-build/ninja/releases/assets/318863577"

[[tools.python]]
version = "3.14.8"
backend = "core:python"
specifiers = ["3.14.8"]

[tools.python."platforms.linux-x64"]
checksum = "sha256:d9ec7a6935ade8b671a57ebaf111083d7314eab8dae5071d167054dadd2b97d6"
url = "https://github.com/astral-sh/python-build-standalone/releases/download/20261003/cpython-3.14.8+20261003-x86_64-unknown-linux-gnu-install_only_stripped.tar.gz"
provenance = "github-attestations"

[tools.python."platforms.macos-arm64"]
checksum = "sha256:ed14e9042f36c0aa18383f5d9729bcbf17847e842666a793b5a5a5d8505c0ca1"
url = "https://github.com/astral-sh/python-build-standalone/releases/download/20261003/cpython-3.14.8+20261003-aarch64-apple-darwin-install_only_stripped.tar.gz"
provenance = "github-attestations"

[tools.python."platforms.macos-x64"]
checksum = "sha256:08310045a2611bad730d7c1a01e847a1ea729d9dcfe29110ca67cbdf3998bb54"
url = "https://github.com/astral-sh/python-build-standalone/releases/download/20261003/cpython-3.14.8+20261003-x86_64-apple-darwin-install_only_stripped.tar.gz"
provenance = "github-attestations"

[tools.python."platforms.windows-x64"]
checksum = "sha256:10e5705e44938ee78de35c62b30fdfe2945b53438343d04c0f53548cdd8e91b6"
url = "https://github.com/astral-sh/python-build-standalone/releases/download/20261003/cpython-3.14.8+20261003-x86_64-pc-windows-msvc-install_only_stripped.tar.gz"
provenance = "github-attestations"

[[tools.rumdl]]
version = "0.2.78"
backend = "aqua:rvben/rumdl"
specifiers = ["0.2.78"]

[tools.rumdl."platforms.linux-x64"]
checksum = "sha256:5597ecab62c6cd50e63f85451fe4e763abc58195a3e7eff9186b6dfae890ca24"
url = "https://github.com/rvben/rumdl/releases/download/v0.2.78/rumdl-v0.2.78-x86_64-unknown-linux-gnu.tar.gz"
url_api = "https://api.github.com/repos/rvben/rumdl/releases/assets/598548740"
provenance = "github-attestations"

[tools.rumdl."platforms.macos-arm64"]
checksum = "sha256:450f00cdbf1da3bc3fbdf56c52dc9e6b2ab08bfd1ee6a26b44848e52a180dba5"
url = "https://github.com/rvben/rumdl/releases/download/v0.2.78/rumdl-v0.2.78-aarch64-apple-darwin.tar.gz"
url_api = "https://api.github.com/repos/rvben/rumdl/releases/assets/598548745"
provenance = "github-attestations"

[tools.rumdl."platforms.macos-x64"]
checksum = "sha256:0cb4eecf286798e770c1f9e85fbf532ee135becc248a25fab388355c998543f9"
url = "https://github.com/rvben/rumdl/releases/download/v0.2.78/rumdl-v0.2.78-x86_64-apple-darwin.tar.gz"
url_api = "https://api.github.com/repos/rvben/rumdl/releases/assets/598548751"
provenance = "github-attestations"

[tools.rumdl."platforms.windows-x64"]
checksum = "sha256:fb8f475e68e754fdddc1c7c7d85914df984465ce6a8a9e9fe5fcc434782b5f7d"
url = "https://github.com/rvben/rumdl/releases/download/v0.2.78/rumdl-v0.2.78-x86_64-pc-windows-msvc.zip"
url_api = "https://api.github.com/repos/rvben/rumdl/releases/assets/598548749"
provenance = "github-attestations"

[[tools.sccache]]
version = "0.18.0"
backend = "aqua:mozilla/sccache"
specifiers = ["0.18.0"]

[tools.sccache."platforms.linux-x64"]
checksum = "sha256:45f1447fbe231e3037bde351ef70677dd212216c8d62ae7ca409fecc4d6acc89"
url = "https://github.com/mozilla/sccache/releases/download/v0.18.0/sccache-v0.18.0-x86_64-unknown-linux-musl.tar.gz"
url_api = "https://api.github.com/repos/mozilla/sccache/releases/assets/563130201"

[tools.sccache."platforms.macos-arm64"]
checksum = "sha256:308184519b646f5125289e8515b36f6ca65a13a041923994aebe702348674e8e"
url = "https://github.com/mozilla/sccache/releases/download/v0.18.0/sccache-v0.18.0-aarch64-apple-darwin.tar.gz"
url_api = "https://api.github.com/repos/mozilla/sccache/releases/assets/563129740"

[tools.sccache."platforms.macos-x64"]
checksum = "sha256:1dade83cc49eeb42337565eccd534b05982820a8e44b851bd7937467a18c7aef"
url = "https://github.com/mozilla/sccache/releases/download/v0.18.0/sccache-v0.18.0-x86_64-apple-darwin.tar.gz"
url_api = "https://api.github.com/repos/mozilla/sccache/releases/assets/563130112"

[tools.sccache."platforms.windows-x64"]
checksum = "sha256:1a63c1be2beab3f04d27e4cc145443e092e02d3dd83a51030989829d7023091b"
url = "https://github.com/mozilla/sccache/releases/download/v0.18.0/sccache-v0.18.0-x86_64-pc-windows-msvc.tar.gz"
url_api = "https://api.github.com/repos/mozilla/sccache/releases/assets/563130158"

[[tools.shellcheck]]
version = "0.11.0"
backend = "aqua:koalaman/shellcheck"
specifiers = ["0.11.0"]

[tools.shellcheck."platforms.linux-x64"]
checksum = "sha256:8c3be12b05d5c177a04c29e3c78ce89ac86f1595681cab149b65b97c4e227198"
url = "https://github.com/koalaman/shellcheck/releases/download/v0.11.0/shellcheck-v0.11.0.linux.x86_64.tar.xz"
url_api = "https://api.github.com/repos/koalaman/shellcheck/releases/assets/279056942"

[tools.shellcheck."platforms.macos-arm64"]
checksum = "sha256:56affdd8de5527894dca6dc3d7e0a99a873b0f004d7aabc30ae407d3f48b0a79"
url = "https://github.com/koalaman/shellcheck/releases/download/v0.11.0/shellcheck-v0.11.0.darwin.aarch64.tar.xz"
url_api = "https://api.github.com/repos/koalaman/shellcheck/releases/assets/279056932"

[tools.shellcheck."platforms.macos-x64"]
checksum = "sha256:3c89db4edcab7cf1c27bff178882e0f6f27f7afdf54e859fa041fca10febe4c6"
url = "https://github.com/koalaman/shellcheck/releases/download/v0.11.0/shellcheck-v0.11.0.darwin.x86_64.tar.xz"
url_api = "https://api.github.com/repos/koalaman/shellcheck/releases/assets/279056930"

[tools.shellcheck."platforms.windows-x64"]
checksum = "sha256:8a4e35ab0b331c85d73567b12f2a444df187f483e5079ceffa6bda1faa2e740e"
url = "https://github.com/koalaman/shellcheck/releases/download/v0.11.0/shellcheck-v0.11.0.zip"
url_api = "https://api.github.com/repos/koalaman/shellcheck/releases/assets/279056944"

[[tools.shfmt]]
version = "3.14.1"
backend = "aqua:mvdan/sh"
specifiers = ["3.14.1"]

[tools.shfmt."platforms.linux-x64"]
checksum = "sha256:76e77641faa025814b77f153b29796b8e6fa2fca03e0c76a691608b86c7ea7bf"
url = "https://github.com/mvdan/sh/releases/download/v3.14.1/shfmt_v3.14.1_linux_amd64"
url_api = "https://api.github.com/repos/mvdan/sh/releases/assets/547320883"

[tools.shfmt."platforms.macos-arm64"]
checksum = "sha256:b7c872db63553ccffc7253aba3ed7d4885a27d83f1ba567b1138c6315a5847e5"
url = "https://github.com/mvdan/sh/releases/download/v3.14.1/shfmt_v3.14.1_darwin_arm64"
url_api = "https://api.github.com/repos/mvdan/sh/releases/assets/547320930"

[tools.shfmt."platforms.macos-x64"]
checksum = "sha256:d33eee0da0f92835b3562e9767a05cee7e4eaeef47daa03bfd09da17b4b590a6"
url = "https://github.com/mvdan/sh/releases/download/v3.14.1/shfmt_v3.14.1_darwin_amd64"
url_api = "https://api.github.com/repos/mvdan/sh/releases/assets/547320946"

[tools.shfmt."platforms.windows-x64"]
checksum = "sha256:13629ce28442ca80b6b5a819f7574ab39e1c28c6e26734ca816c9714e04851df"
url = "https://github.com/mvdan/sh/releases/download/v3.14.1/shfmt_v3.14.1_windows_amd64.exe"
url_api = "https://api.github.com/repos/mvdan/sh/releases/assets/547320827"

[[tools.tombi]]
version = "1.7.2"
backend = "aqua:tombi-toml/tombi"
specifiers = ["1.7.2"]

[tools.tombi."platforms.linux-x64"]
checksum = "sha256:70d702da0bb92758469c4f85761935b93c8172598b2682d9c89d7ab383a23a4c"
url = "https://github.com/tombi-toml/tombi/releases/download/v1.7.2/tombi-cli-1.7.2-x86_64-unknown-linux-musl.tar.gz"
url_api = "https://api.github.com/repos/tombi-toml/tombi/releases/assets/610147847"
provenance = "github-attestations"

[tools.tombi."platforms.macos-arm64"]
checksum = "sha256:478c67124b15960f9911f5fe2b24746c0807a77378dc6d03667b701bd2ed91e2"
url = "https://github.com/tombi-toml/tombi/releases/download/v1.7.2/tombi-cli-1.7.2-aarch64-apple-darwin.tar.gz"
url_api = "https://api.github.com/repos/tombi-toml/tombi/releases/assets/610147826"
provenance = "github-attestations"

[tools.tombi."platforms.macos-x64"]
checksum = "sha256:cdbb5f7ac355a821950493296adf9c47da981bc996d6b4de5e90269bed243e27"
url = "https://github.com/tombi-toml/tombi/releases/download/v1.7.2/tombi-cli-1.7.2-x86_64-apple-darwin.tar.gz"
url_api = "https://api.github.com/repos/tombi-toml/tombi/releases/assets/610147821"
provenance = "github-attestations"

[tools.tombi."platforms.windows-x64"]
checksum = "sha256:b5bf95bf49a8624e3fa2e7d3ee64d02fe06a42678731f1ba392abb72e161608a"
url = "https://github.com/tombi-toml/tombi/releases/download/v1.7.2/tombi-cli-1.7.2-x86_64-pc-windows-msvc.zip"
url_api = "https://api.github.com/repos/tombi-toml/tombi/releases/assets/610147849"
provenance = "github-attestations"

[[tools.uv]]
version = "0.12.23"
backend = "aqua:astral-sh/uv"
specifiers = ["0.12.23"]

[tools.uv."platforms.linux-x64"]
checksum = "sha256:9167d72b3319674b6303c4cbe071854bba13ebdf3d76b1a7cbdc175471fb66d6"
url = "https://github.com/astral-sh/uv/releases/download/0.12.23/uv-x86_64-unknown-linux-gnu.tar.gz"
url_api = "https://api.github.com/repos/astral-sh/uv/releases/assets/608232628"
provenance = "github-attestations"

[tools.uv."platforms.macos-arm64"]
checksum = "sha256:50487ae565ccd96e499056b4674d438f4c53170202617b4c759defe0c6a1b544"
url = "https://github.com/astral-sh/uv/releases/download/0.12.23/uv-aarch64-apple-darwin.tar.gz"
url_api = "https://api.github.com/repos/astral-sh/uv/releases/assets/608232483"
provenance = "github-attestations"

[tools.uv."platforms.macos-x64"]
checksum = "sha256:960da44cb4b73685206ddd250b19e0a117fa41095710c1038f081f5cb613efb4"
url = "https://github.com/astral-sh/uv/releases/download/0.12.23/uv-x86_64-apple-darwin.tar.gz"
url_api = "https://api.github.com/repos/astral-sh/uv/releases/assets/608232607"
provenance = "github-attestations"

[tools.uv."platforms.windows-x64"]
checksum = "sha256:75d05de6762778c31ee183398de7dd15093fad0ed90b1f236d8205ea5ec00c90"
url = "https://github.com/astral-sh/uv/releases/download/0.12.23/uv-x86_64-pc-windows-msvc.zip"
url_api = "https://api.github.com/repos/astral-sh/uv/releases/assets/608232617"
provenance = "github-attestations"

[[tools.vale]]
version = "3.24.0"
backend = "aqua:vale-cli/vale"
specifiers = ["3.24.0"]

[tools.vale."platforms.linux-x64"]
checksum = "sha256:867534ddb678abca7f214bc4706ead0922bd5252ffe8035fc227013f66c8b214"
url = "https://github.com/vale-cli/vale/releases/download/v3.24.0/vale_3.24.0_Linux_64-bit.tar.gz"
url_api = "https://api.github.com/repos/vale-cli/vale/releases/assets/603879404"

[tools.vale."platforms.macos-arm64"]
checksum = "sha256:87b513f26499f6657c15cf7175ba5b058a7c1ff2bb2d4e07265db2dd43451e44"
url = "https://github.com/vale-cli/vale/releases/download/v3.24.0/vale_3.24.0_macOS_arm64.tar.gz"
url_api = "https://api.github.com/repos/vale-cli/vale/releases/assets/603879362"

[tools.vale."platforms.macos-x64"]
checksum = "sha256:eeb39e86f1daac27cc2a77fef3af1824d50559bdc22329fb25fb921c80c79472"
url = "https://github.com/vale-cli/vale/releases/download/v3.24.0/vale_3.24.0_macOS_64-bit.tar.gz"
url_api = "https://api.github.com/repos/vale-cli/vale/releases/assets/603879361"

[tools.vale."platforms.windows-x64"]
checksum = "sha256:3a8884774973b6f2826877e1c6388a5feae4704ef88a9a9c912c77ce186990f3"
url = "https://github.com/vale-cli/vale/releases/download/v3.24.0/vale_3.24.0_Windows_64-bit.zip"
url_api = "https://api.github.com/repos/vale-cli/vale/releases/assets/603879364"

[[tools.zizmor]]
version = "1.30.1"
backend = "aqua:zizmorcore/zizmor"
specifiers = ["1.30.1"]

[tools.zizmor."platforms.linux-x64"]
checksum = "sha256:e65324f4430c2717591937edcec90ccbefaf14c174f8ec9415e03ca875b46e1a"
url = "https://github.com/zizmorcore/zizmor/releases/download/v1.30.1/zizmor-x86_64-unknown-linux-gnu.tar.gz"
url_api = "https://api.github.com/repos/zizmorcore/zizmor/releases/assets/552067642"
provenance = "github-attestations"

[tools.zizmor."platforms.macos-arm64"]
checksum = "sha256:e28d22b087f9ebb8d99da6e740d348c930f559961c7c3f12badda54f882195a2"
url = "https://github.com/zizmorcore/zizmor/releases/download/v1.30.1/zizmor-aarch64-apple-darwin.tar.gz"
url_api = "https://api.github.com/repos/zizmorcore/zizmor/releases/assets/552067640"
provenance = "github-attestations"

[tools.zizmor."platforms.macos-x64"]
checksum = "sha256:10e6b18b11ea07e515a16f0f0518c7b07527bc9977c1fd5698181ce7f3554202"
url = "https://github.com/zizmorcore/zizmor/releases/download/v1.30.1/zizmor-x86_64-apple-darwin.tar.gz"
url_api = "https://api.github.com/repos/zizmorcore/zizmor/releases/assets/552067641"
provenance = "github-attestations"

[tools.zizmor."platforms.windows-x64"]
checksum = "sha256:b183b1e996eddfab9659f1e9b46e059f1ef1cf984a1f14e5da09f7876a4b3a1c"
url = "https://github.com/zizmorcore/zizmor/releases/download/v1.30.1/zizmor-x86_64-pc-windows-msvc.zip"
url_api = "https://api.github.com/repos/zizmorcore/zizmor/releases/assets/552067645"
provenance = "github-attestations"
