version = 1
revision = 5
requires-python = "==3.14.*"

[[package]]
name = "clang-format"
version = "22.1.8"
source = { registry = "https://pypi.org/simple" }
sdist = { url = "https://files.pythonhosted.org/packages/bd/55/b48aba45ba2638a706df1680e3dcdf96f94aed8e884886192d411d7a0071/clang_format-22.1.8.tar.gz", hash = "sha256:61a23f4fc0ad1932e1b0300ca451108bf1e751eb89f478062d87f888db9190e6", size = 11508, upload-time = "2026-07-11T14:08:34.542Z" }
wheels = [
    { url = "https://files.pythonhosted.org/packages/5d/d8/29b9db6098da1a011ca3f7560c3942fa81404dbbb4367c3bd1d5c435da3b/clang_format-22.1.8-py2.py3-none-macosx_10_9_x86_64.whl", hash = "sha256:fc2ac5bd0ea41af49968fb69426207806d5f7016cb8f4bfbd44f4f1ffe8d53f2", size = 1492639, upload-time = "2026-07-11T14:08:10.531Z" },
    { url = "https://files.pythonhosted.org/packages/2e/55/539cc1036dae16659f50500ca34838cc5b16cd3e98e3faaf164186b98093/clang_format-22.1.8-py2.py3-none-macosx_11_0_arm64.whl", hash = "sha256:d1147107222c0dda3e4869e9e8c4a79f9ed1de83819e5274de42b82adf3d2129", size = 1482323, upload-time = "2026-07-11T14:08:12.076Z" },
    { url = "https://files.pythonhosted.org/packages/50/25/a9734da014eecc1f54c051ad643a28f2f6643dcc812ac59320e80e2b1a3b/clang_format-22.1.8-py2.py3-none-manylinux_2_26_aarch64.manylinux_2_28_aarch64.whl", hash = "sha256:48c3b8dcfe9d4e964ced0e744e0f1f8ddc711bce92e50f6cab21e10f54857d08", size = 1757825, upload-time = "2026-07-11T14:08:13.397Z" },
    { url = "https://files.pythonhosted.org/packages/5d/19/76bf4dfba7d418f3da4fe89ace66856abd79c8c314e750d5f0fb754de6f5/clang_format-22.1.8-py2.py3-none-manylinux_2_26_i686.manylinux_2_28_i686.whl", hash = "sha256:07312f8a74bda89b6ce32fae46c589cd7bb210a5d3fb2829a70e28ff449f5b80", size = 1888650, upload-time = "2026-07-11T14:08:14.722Z" },
    { url = "https://files.pythonhosted.org/packages/5c/b0/25fb71006b581c4e1dc4680b61c61842836dd1adb860e02f898deed8a919/clang_format-22.1.8-py2.py3-none-manylinux_2_26_ppc64le.manylinux_2_28_ppc64le.whl", hash = "sha256:c6d7382dd728431c0cecf3c7db6ac0904e162c7c18889696ab8dc0630ff9349b", size = 2070288, upload-time = "2026-07-11T14:08:15.98Z" },
    { url = "https://files.pythonhosted.org/packages/36/94/f7c185f2f7c9cbd60878a260a2a03cc4eef0b9b9fbe8eb5045fa9b5ccbe9/clang_format-22.1.8-py2.py3-none-manylinux_2_26_s390x.manylinux_2_28_s390x.whl", hash = "sha256:7763ce0f45b5ff0b5ca7a830d6061ce431dcb644211f9b2bb483bfa66d6c78ca", size = 2101885, upload-time = "2026-07-11T14:08:17.329Z" },
    { url = "https://files.pythonhosted.org/packages/e5/88/b82c066fa807da4ca2518fecf79071361f6324b77375e5e92c059c0697fd/clang_format-22.1.8-py2.py3-none-manylinux_2_27_x86_64.manylinux_2_28_x86_64.whl", hash = "sha256:b00cff6bfd1f1686f073a4fdf1cb937dbd58bf7510c659477805c03afdea0816", size = 1841177, upload-time = "2026-07-11T14:08:18.828Z" },
    { url = "https://files.pythonhosted.org/packages/03/7c/996fc84930d96db84418fbd16d3935ba77f42f9078d7610e4eae3e0e9294/clang_format-22.1.8-py2.py3-none-manylinux_2_31_armv7l.whl", hash = "sha256:396f66b2237131ae7c5c9a9c34d50b1b9bee60ec6754e8b0dcb943850c747aa6", size = 1684807, upload-time = "2026-07-11T14:08:20.092Z" },
    { url = "https://files.pythonhosted.org/packages/1b/42/423de2ddedd3e068f7b773d7a4a593266692bc6108a2dd8ad4403d2ae718/clang_format-22.1.8-py2.py3-none-musllinux_1_2_aarch64.whl", hash = "sha256:02ff8ad2e6a60554cc6b9b34310f71adb04da39e94302e08e3a655b77e4dd31c", size = 2736272, upload-time = "2026-07-11T14:08:21.625Z" },
    { url = "https://files.pythonhosted.org/packages/c1/6b/fbb98122d35333012d47186d669c1bb9a1cb527faa9a4a12c43124662f8f/clang_format-22.1.8-py2.py3-none-musllinux_1_2_armv7l.whl", hash = "sha256:8fc6139349a64f82d24396c815f5584f56da8912482dceadd9e5d7a3f8c17d6c", size = 2515477, upload-time = "2026-07-11T14:08:23.166Z" },
    { url = "https://files.pythonhosted.org/packages/40/99/a5e00402fe8281754df679a1028132a28ea0c0024d363509d9c29944ab85/clang_format-22.1.8-py2.py3-none-musllinux_1_2_i686.whl", hash = "sha256:65df71f1eab12de161b9059483be55cb72490ec7fc7ca4915b5de49722a76a46", size = 2986602, upload-time = "2026-07-11T14:08:24.679Z" },
    { url = "https://files.pythonhosted.org/packages/ac/f7/4a02e8f7d54f71c7ee4ce48c35cbe8f2be1afb1fbbca543f8db43f56a959/clang_format-22.1.8-py2.py3-none-musllinux_1_2_ppc64le.whl", hash = "sha256:0223471f781647d476ce0e09a0512521043343313e42932d900f97a15eacb510", size = 3120341, upload-time = "2026-07-11T14:08:26.234Z" },
    { url = "https://files.pythonhosted.org/packages/84/05/6bd5e7bea1679dbed37a94a3b47d2ef0110792f64fd5761b2301d5b34fd2/clang_format-22.1.8-py2.py3-none-musllinux_1_2_s390x.whl", hash = "sha256:41e00922840376f8d1239db8fb5bc6b1d313bd09752344a85b0f8071112e5c7e", size = 3217448, upload-time = "2026-07-11T14:08:27.799Z" },
    { url = "https://files.pythonhosted.org/packages/56/e3/3fcba146f12b9fbad24034136718d113dfacac03b1cf8273b2aa7bd641b0/clang_format-22.1.8-py2.py3-none-musllinux_1_2_x86_64.whl", hash = "sha256:734d22be5c9d3a72a841444817aae8168c8f4bdccb08de491f05673e42ec7304", size = 2848689, upload-time = "2026-07-11T14:08:29.283Z" },
    { url = "https://files.pythonhosted.org/packages/2e/2b/5a7f2fba71179331b51bb547a02808a56aa515f8637adf035fd34c1d3b0b/clang_format-22.1.8-py2.py3-none-win32.whl", hash = "sha256:a796192453ae56c61e975fc56ee7defb4187013fc3de798cbe608cfe326762aa", size = 1298699, upload-time = "2026-07-11T14:08:30.63Z" },
    { url = "https://files.pythonhosted.org/packages/08/60/c6783b3190a8f741107a44912a11c39c1a51e254e86a4c43cb0151cea0dd/clang_format-22.1.8-py2.py3-none-win_amd64.whl", hash = "sha256:5fe6ad3e9399d589aff5ead432568a84cdcbbd621f1708340819efd74cbf8176", size = 1465069, upload-time = "2026-07-11T14:08:31.935Z" },
    { url = "https://files.pythonhosted.org/packages/43/ca/7e1fa4a6044c37c37356bb18fc938d2811754231e448aaffc192dc3774ce/clang_format-22.1.8-py2.py3-none-win_arm64.whl", hash = "sha256:1fac18f32426c6fd7acde7087511bd80e2c549b2cd7477099582c216ae82fa63", size = 1344986, upload-time = "2026-07-11T14:08:33.183Z" },
]

[[package]]
name = "clang-tidy"
version = "22.1.8"
source = { registry = "https://pypi.org/simple" }
sdist = { url = "https://files.pythonhosted.org/packages/b9/d0/f9dc63658854dc4508270daab0e10a34a61330d35c53cfe679b692e57560/clang_tidy-22.1.8.tar.gz", hash = "sha256:d81205d15cc82eea10e9e3b65e99732bb0bc77144535648a4a1f77d9cb4eda50", size = 11746, upload-time = "2026-07-14T10:30:19.551Z" }
wheels = [
    { url = "https://files.pythonhosted.org/packages/86/14/27f6ed1ffdf3fcc53d4482a5f1292b39751c7426ca70deca8bb7d04f5dae/clang_tidy-22.1.8-py2.py3-none-macosx_10_9_x86_64.whl", hash = "sha256:04b6c97bcdc032763d0d924531def281acd0b5a939bcc79994cbf3c6fe83e1ae", size = 31672907, upload-time = "2026-07-14T10:29:37.701Z" },
    { url = "https://files.pythonhosted.org/packages/01/23/949977d4304e30eeef80206b37a9305084926ea06b99708961fcbf27913f/clang_tidy-22.1.8-py2.py3-none-macosx_11_0_arm64.whl", hash = "sha256:916d7cbc9590e719459738fedc5ba76ac91f128d671390e574a0779014c84d73", size = 30823043, upload-time = "2026-07-14T10:29:41.887Z" },
    { url = "https://files.pythonhosted.org/packages/ac/b7/61ed8c319f2d9ddb9762a550a6fee434bdef7bdc46d5a4b50929f1c90ec0/clang_tidy-22.1.8-py2.py3-none-manylinux_2_26_aarch64.manylinux_2_28_aarch64.whl", hash = "sha256:1eaddaa7415e8c5e39aeefbfd15174f1ab2a671c86f7ebb200eb523cf9465559", size = 42155015, upload-time = "2026-07-14T10:29:45.608Z" },
    { url = "https://files.pythonhosted.org/packages/82/19/0f2668f8f5e2452b096a2b898f2b6bcecbceb6dd0c7f75d1755ce1f18d8b/clang_tidy-22.1.8-py2.py3-none-manylinux_2_27_x86_64.manylinux_2_28_x86_64.whl", hash = "sha256:1a3de07ba82d4403d8b692ae63a5520d4db5c606014c92c24bbcef9259057bf1", size = 44070377, upload-time = "2026-07-14T10:29:49.58Z" },
    { url = "https://files.pythonhosted.org/packages/6c/61/7c0c87952090de362d18703a8a2206ae30129c811c66f9d01f4094d59e87/clang_tidy-22.1.8-py2.py3-none-manylinux_2_28_i686.whl", hash = "sha256:879a53cc5ba9824197f97e83bd86686f9c159da18afd004e8f6d161c985f9b31", size = 49709888, upload-time = "2026-07-14T10:29:53.323Z" },
    { url = "https://files.pythonhosted.org/packages/87/78/cbe472f8a2f29df7c982f1a3782f515059f3e1488c668c946ac04df79dab/clang_tidy-22.1.8-py2.py3-none-manylinux_2_31_armv7l.whl", hash = "sha256:79d109db0bc74c4f20253ea997f73eac4fa6ec26171fa08c05fb82dd3ee94bc1", size = 40445704, upload-time = "2026-07-14T10:29:57.312Z" },
    { url = "https://files.pythonhosted.org/packages/e2/e0/be72d44c059a936af7d4b355d0c844e934d7f4c3c4eba578783d7fc486d2/clang_tidy-22.1.8-py2.py3-none-musllinux_1_2_armv7l.whl", hash = "sha256:788200119549b80e3b3cc4c1ecc422b6bec6e2559ea2116494fe6c72092ec4c2", size = 41319020, upload-time = "2026-07-14T10:30:01.303Z" },
    { url = "https://files.pythonhosted.org/packages/97/34/223288ebf27f33b3842ab750ab5915ef3244f7802d4f7633dacf7a195ab2/clang_tidy-22.1.8-py2.py3-none-musllinux_1_2_i686.whl", hash = "sha256:8ad32751aa4697575fb34faabe70ee497aa32d31d4dfffe25f2655797dff1c2c", size = 51914038, upload-time = "2026-07-14T10:30:05.637Z" },
    { url = "https://files.pythonhosted.org/packages/8d/d1/a8019bfe6dcb103a081ffc0a869cb2b463a826e5005030d0abf211278b53/clang_tidy-22.1.8-py2.py3-none-musllinux_1_2_x86_64.whl", hash = "sha256:19d11334f5f9af90a655e5ca46b1e472d44ec025a8d10fef95accb3ea19b8c60", size = 46732713, upload-time = "2026-07-14T10:30:10Z" },
    { url = "https://files.pythonhosted.org/packages/c1/ad/6bb2c2a0a7255ca624dca7ee172678b215c62ce79891a487f8ccc90bc48b/clang_tidy-22.1.8-py2.py3-none-win32.whl", hash = "sha256:182dc0b73688add32cd02595d510c0b010f77a645774dbb04e296d347c1a014f", size = 23553468, upload-time = "2026-07-14T10:30:13.42Z" },
    { url = "https://files.pythonhosted.org/packages/54/af/0580f6145d8a0c218844208a6c90ce539a4bdf65a66b672e6b4604a81c0a/clang_tidy-22.1.8-py2.py3-none-win_amd64.whl", hash = "sha256:df9bf841ecbf501d08b6fa34523be840f59b1a76d16b6ee5edb0e5c7c22b59c2", size = 26666952, upload-time = "2026-07-14T10:30:16.843Z" },
]

[[package]]
name = "click"
version = "8.5.0"
source = { registry = "https://pypi.org/simple" }
sdist = { url = "https://files.pythonhosted.org/packages/c7/0e/7fa0ef50764b67090eca4114772a2abf8b6148198475e54c660b97caeee6/click-8.5.0.tar.gz", hash = "sha256:ba0d2089de75ea0310e2dde03160e6ca10009947fb95a182f9b54021bb272e34", size = 382235, upload-time = "2026-08-26T13:33:14.56Z" }
wheels = [
    { url = "https://files.pythonhosted.org/packages/58/50/6c0d534c5f134586a8e1ba4e330569e32f057e33372ae556463212fb4cd3/click-8.5.0-py3-none-any.whl", hash = "sha256:255bc9599cf7748b4b1a446ccc735421bd08a2ae529a8b88597d3de5664ee360", size = 125251, upload-time = "2026-08-26T13:33:12.928Z" },
]

[[package]]
name = "deepmerge"
version = "3.0.1"
source = { registry = "https://pypi.org/simple" }
sdist = { url = "https://files.pythonhosted.org/packages/38/6e/5cb3548b4d3112fea529375e55e6f3cdc52b8054e3a66f203b1f888ba885/deepmerge-3.0.1.tar.gz", hash = "sha256:35b39a4cb92cf328d6eca61cbbf65f68a37c2ceb3085f0f853cbb2e52a59fc23", size = 22328, upload-time = "2026-09-01T14:09:44.383Z" }
wheels = [
    { url = "https://files.pythonhosted.org/packages/20/91/600003aaad107e27553fbc9cbfc57e96fa37e0223d2ef9d7d3a0e8d8d070/deepmerge-3.0.1-py3-none-any.whl", hash = "sha256:35c96f6a68fcf90719a5b31d9f8042ecef6c00fb56836660d33455d0f5cfda65", size = 14909, upload-time = "2026-09-01T14:09:43.364Z" },
]

[[package]]
name = "duckhop-tooling"
version = "0.0.0"
source = { virtual = "." }

[package.dev-dependencies]
dev = [
    { name = "clang-format" },
    { name = "clang-tidy" },
    { name = "gersemi" },
    { name = "zensical" },
]

[package.metadata]

[package.metadata.requires-dev]
dev = [
    { name = "clang-format", specifier = "==22.1.8" },
    { name = "clang-tidy", specifier = "==22.1.8" },
    { name = "gersemi", specifier = "==0.29.2" },
    { name = "zensical", specifier = "==0.0.68" },
]

[[package]]
name = "gersemi"
version = "0.29.2"
source = { registry = "https://pypi.org/simple" }
dependencies = [
    { name = "pyyaml" },
]
sdist = { url = "https://files.pythonhosted.org/packages/65/6a/278112b2d82169bfe6bd2bac025deb917d7c83f890d71509c988fedd9a01/gersemi-0.29.2.tar.gz", hash = "sha256:3acab643bec6c8174fb90ece56d76a8381847f77873a1a6ae3211f5b40472c25", size = 125254, upload-time = "2026-10-01T15:46:04.478Z" }
wheels = [
    { url = "https://files.pythonhosted.org/packages/87/81/f38c59fac261cce79dc09382bda54bff9a2e452e7524ee3509132bec4d7d/gersemi-0.29.2-cp314-cp314-macosx_10_15_x86_64.whl", hash = "sha256:e618edff9d8c772a3599c4bd8b4c155e1349e3f022a221e99c530c1c403bb2d3", size = 2699291, upload-time = "2026-10-01T15:45:26.669Z" },
    { url = "https://files.pythonhosted.org/packages/ae/53/7b1d4a364451b0746372ffd8ca59cfeee7c7292fe77a50920bf8d1d313eb/gersemi-0.29.2-cp314-cp314-macosx_11_0_arm64.whl", hash = "sha256:d8a5d126d7f2ea903f8e61e9637f8f8a2b15252e553cf8d7c31d801ad5021792", size = 2498867, upload-time = "2026-10-01T15:45:28.38Z" },
    { url = "https://files.pythonhosted.org/packages/c9/c0/6e7fc4402d423297f60d06c053224675823863b6ee9cb3e18dfcb674e1c1/gersemi-0.29.2-cp314-cp314-manylinux_2_28_aarch64.whl", hash = "sha256:a5fa40246665bf437f742873ab8a1f75789885555f4e3b80ccfe2b7d4e0d22d8", size = 2782931, upload-time = "2026-10-01T15:45:30.225Z" },
    { url = "https://files.pythonhosted.org/packages/04/53/f2815b34359959172a6931932adde8e631de727a697a858265690030b55b/gersemi-0.29.2-cp314-cp314-manylinux_2_28_x86_64.whl", hash = "sha256:a8a851f3af50e185beff001e4666b24f4bb24b3f2810671eb4d04b30fff7066c", size = 2860881, upload-time = "2026-10-01T15:45:31.932Z" },
    { url = "https://files.pythonhosted.org/packages/2f/a3/def49b8e304277a7c28b2c5f9c538bedb71f972c73449d505e9fa769af43/gersemi-0.29.2-cp314-cp314-win_amd64.whl", hash = "sha256:50d60f5470cf80baa07bdf993e5d9add610032d14d83e4baa6f9d248cd2811c0", size = 2450507, upload-time = "2026-10-01T15:45:33.431Z" },
    { url = "https://files.pythonhosted.org/packages/f6/d7/66af26ce06ba7fbb3375c1e25879561ddf2a4215a0697847f9dd2f9dee8e/gersemi-0.29.2-cp314-cp314-win_arm64.whl", hash = "sha256:d44134a79f6213c22bfe2cfcb04e6afbb25e07d81c15a8f323249c336690a95a", size = 2248256, upload-time = "2026-10-01T15:45:35.292Z" },
    { url = "https://files.pythonhosted.org/packages/35/4d/dd5dd93b7648413291c78325ee0c28933b742267ba4d614cbf09627ae4f6/gersemi-0.29.2-cp314-cp314t-macosx_10_15_x86_64.whl", hash = "sha256:0eed0afb642293c3353043a898cd5a1b9b97a3cbf441627c2bc12f4f51b9e007", size = 2640276, upload-time = "2026-10-01T15:45:36.905Z" },
    { url = "https://files.pythonhosted.org/packages/b2/a0/7678576eea0e164678b2d71a58a4f58f5fc720fdbba54a97f0ad47609349/gersemi-0.29.2-cp314-cp314t-macosx_11_0_arm64.whl", hash = "sha256:bd862abd026a186e82aecd3fbdbb6b133bb55c7ce98dcab9dec5dfbd98c50316", size = 2500917, upload-time = "2026-10-01T15:45:38.637Z" },
    { url = "https://files.pythonhosted.org/packages/f4/7c/5de460e93c14b05a3b216517fcebdb5f950816a65e963a713d4da4400100/gersemi-0.29.2-cp314-cp314t-manylinux_2_28_aarch64.whl", hash = "sha256:10dd77ff6f2cbd63002ac3375eb236301ff0ab7a67e7b0dc3968893a24e1422d", size = 2787812, upload-time = "2026-10-01T15:45:40.394Z" },
    { url = "https://files.pythonhosted.org/packages/ee/62/fb42d8f6fc9078456139a48eb40b904b77c976a62dd3fe5a97767f2b8919/gersemi-0.29.2-cp314-cp314t-manylinux_2_28_x86_64.whl", hash = "sha256:90d5175c2d73596b83ece8c1fa2374c91f08488b7f02a2a5d6400e55b0d6b53b", size = 2860186, upload-time = "2026-10-01T15:45:42.03Z" },
    { url = "https://files.pythonhosted.org/packages/bc/a1/b6c65b7b28ab87c30690ac2621197bcca28561f57c61801ea0ee47159067/gersemi-0.29.2-cp314-cp314t-win_amd64.whl", hash = "sha256:b52406f2c226bc05e9e5181844e1d91f0a3dbc64b4f63cb7af2571679399a8ff", size = 2506403, upload-time = "2026-10-01T15:45:43.586Z" },
    { url = "https://files.pythonhosted.org/packages/f1/a6/67c58ea884f84ccab04a1952a65263b6634712b9f66b6b10437de539dad4/gersemi-0.29.2-cp314-cp314t-win_arm64.whl", hash = "sha256:7388cb05dde435dc61990a4f5e8ed8b349dd87381bb2ae3d1e54660470e3055a", size = 2243408, upload-time = "2026-10-01T15:45:45.08Z" },
]

[[package]]
name = "jinja2"
version = "3.1.6"
source = { registry = "https://pypi.org/simple" }
dependencies = [
    { name = "markupsafe" },
]
sdist = { url = "https://files.pythonhosted.org/packages/df/bf/f7da0350254c0ed7c72f3e33cef02e048281fec7ecec5f032d4aac52226b/jinja2-3.1.6.tar.gz", hash = "sha256:0137fb05990d35f1275a587e9aee6d56da821fc83491a0fb838183be43f66d6d", size = 245115, upload-time = "2025-03-05T20:05:02.478Z" }
wheels = [
    { url = "https://files.pythonhosted.org/packages/62/a1/3d680cbfd5f4b8f15abc1d571870c5fc3e594bb582bc3b64ea099db13e56/jinja2-3.1.6-py3-none-any.whl", hash = "sha256:85ece4451f492d0c13c5dd7c13a64681a86afae63a5f347908daf103ce6d2f67", size = 134899, upload-time = "2025-03-05T20:05:00.369Z" },
]

[[package]]
name = "markdown"
version = "3.11"
source = { registry = "https://pypi.org/simple" }
sdist = { url = "https://files.pythonhosted.org/packages/f8/4f/700155c8c20d9e655dd0732b5fc3c7614f291b9148da271d7388e50bf774/markdown-3.11.tar.gz", hash = "sha256:180224db6aed87ba9ce1f2781ebcd5826253de8ff637112090e24b84502bbf9f", size = 485623, upload-time = "2026-09-25T13:46:23.473Z" }
wheels = [
    { url = "https://files.pythonhosted.org/packages/ec/1e/32971905a7ab47f8b66866ed949fa48b104ba1c4a6fa57794c4f2c4b2cb8/markdown-3.11-py3-none-any.whl", hash = "sha256:cd6c89e7eb308c8b332ed673215a52d208a43f8bacc030b1419376129408719e", size = 111296, upload-time = "2026-09-25T13:46:22.163Z" },
]

[[package]]
name = "markupsafe"
version = "3.0.4"
source = { registry = "https://pypi.org/simple" }
sdist = { url = "https://files.pythonhosted.org/packages/38/9b/e422a865e1d5d57d0e509b4e0bf1c1a70a7f6382c29a5aa428df994c8bc8/markupsafe-3.0.4.tar.gz", hash = "sha256:2e9ad7dd851bf45fab9f75cbff4cb493fee9979e8d8c7c9c3ee119022518edd6", size = 153777, upload-time = "2026-10-02T23:07:22.29Z" }
wheels = [
    { url = "https://files.pythonhosted.org/packages/5c/c3/a944f3b0df22bd129e96915b9f4e98d2eeca6516687d7618304a966c3c74/markupsafe-3.0.4-cp314-cp314-android_24_arm64_v8a.whl", hash = "sha256:4ed644d75aa94a2baf7ec3a96eaa160ea58c742eb9d27c6506053c5c40fc84ed", size = 12787, upload-time = "2026-10-02T23:05:30.971Z" },
    { url = "https://files.pythonhosted.org/packages/d4/d6/a44863f69d88b6c7e27889108f70d47aed259edf89d5df3c5fca1eac87d6/markupsafe-3.0.4-cp314-cp314-android_24_x86_64.whl", hash = "sha256:6d2a9efe686f9de00d0d1ea32a4a5a86d558a2277501bd78d964214eab625e59", size = 12525, upload-time = "2026-10-02T23:05:32.263Z" },
    { url = "https://files.pythonhosted.org/packages/17/8f/168ba80e532dd6a93f96f8f706f1ad41d7990b6e1aeedc1cc0d211a33497/markupsafe-3.0.4-cp314-cp314-ios_13_0_arm64_iphoneos.whl", hash = "sha256:8781a792a070cf2bd1b86d3aa943894115faaba6e88122a7bf32d62072742453", size = 11589, upload-time = "2026-10-02T23:05:33.251Z" },
    { url = "https://files.pythonhosted.org/packages/32/b3/aa2c95a574d3af39403a469b295886eb9b6d448da568cbebb5a2cbfdc2e5/markupsafe-3.0.4-cp314-cp314-ios_13_0_arm64_iphonesimulator.whl", hash = "sha256:971a3bbb75d97ae4e2e8f7d4834236f86f85f0c85e04ab2e191db1123b04f80b", size = 11801, upload-time = "2026-10-02T23:05:34.315Z" },
    { url = "https://files.pythonhosted.org/packages/60/d0/34b810107d83840e768bf485de795893ebbae35b26ab061b487adfa0a692/markupsafe-3.0.4-cp314-cp314-ios_13_0_x86_64_iphonesimulator.whl", hash = "sha256:8909c2f1c6dd65e054ac4b573a91c8384d1492281e55d82d159d653f7a13adf6", size = 11447, upload-time = "2026-10-02T23:05:35.302Z" },
    { url = "https://files.pythonhosted.org/packages/6c/ab/2f8488f0f817a39fca068d2b17daf446bf5cdb3eae28c3720af534d873b4/markupsafe-3.0.4-cp314-cp314-macosx_10_15_x86_64.whl", hash = "sha256:4cf3468d5ec187ffffcaca8e61929a37448f215dafc1386a12c750a72fe53634", size = 11722, upload-time = "2026-10-02T23:05:36.363Z" },
    { url = "https://files.pythonhosted.org/packages/ad/40/e2d117b048d47282ade906fbfd92814cbee5647afc13fda88a3406039372/markupsafe-3.0.4-cp314-cp314-macosx_11_0_arm64.whl", hash = "sha256:52704c5d36eb6dda8866493decd61111fff86244c9b1ad225ca01b9e91e5970f", size = 12061, upload-time = "2026-10-02T23:05:37.397Z" },
    { url = "https://files.pythonhosted.org/packages/9a/a8/73a81135e85ba66217f5af7facb03bbb386807e1a729ab64532e4c802652/markupsafe-3.0.4-cp314-cp314-manylinux2014_aarch64.manylinux_2_17_aarch64.manylinux_2_28_aarch64.whl", hash = "sha256:1caa2fa5a6184fb233153b35f654e6687bd555476f6170f29d8ee9be1a8b0af9", size = 24434, upload-time = "2026-10-02T23:05:38.407Z" },
    { url = "https://files.pythonhosted.org/packages/ac/ca/fa9216dd01efee2dfdacafe7df32b4d0170fbac694b0c258a193d6e53999/markupsafe-3.0.4-cp314-cp314-manylinux2014_armv7l.manylinux_2_17_armv7l.manylinux_2_31_armv7l.whl", hash = "sha256:387d8cd30e69b3f0a72877b9ae717033396404e19095b17fe89753a981fda44f", size = 27183, upload-time = "2026-10-02T23:05:39.581Z" },
    { url = "https://files.pythonhosted.org/packages/fa/4e/a469509e538d37af51103b17b073126973f2b1cbf197ff32c7ddf025cfe5/markupsafe-3.0.4-cp314-cp314-manylinux2014_ppc64le.manylinux_2_17_ppc64le.manylinux_2_28_ppc64le.whl", hash = "sha256:051417f74bcaaefa316276e0ff723f541616ca51043d070da00249d9bddd3e3c", size = 24813, upload-time = "2026-10-02T23:05:40.671Z" },
    { url = "https://files.pythonhosted.org/packages/8f/db/d7282caf7ab03af44d5d6fdbaa019b35c7d7f1c90588b839c07cba640d6a/markupsafe-3.0.4-cp314-cp314-manylinux2014_x86_64.manylinux_2_17_x86_64.manylinux_2_28_x86_64.whl", hash = "sha256:a8e9f292fcda89b324f2f5c91d13f1424a153e40fc2756f38ee23b15835ff300", size = 23049, upload-time = "2026-10-02T23:05:41.864Z" },
    { url = "https://files.pythonhosted.org/packages/30/f3/b6a425206e6964efda6acee544d0eb01d1501784d0b8e2dcc74986f33b17/markupsafe-3.0.4-cp314-cp314-manylinux_2_31_riscv64.manylinux_2_39_riscv64.whl", hash = "sha256:df1ae86ff54725a01fa1a0510b914ca53a161b7050be74f6204e24aded5971d0", size = 22088, upload-time = "2026-10-02T23:05:43.014Z" },
    { url = "https://files.pythonhosted.org/packages/ea/8a/84d3582fc1f0d5bd466cdf2eebf175e172158a6e70701aacec1de1b35430/markupsafe-3.0.4-cp314-cp314-musllinux_1_2_aarch64.whl", hash = "sha256:8965520ac587c94a4ac48b729be3d8b8de00af39699b17585dfb599babe77977", size = 23846, upload-time = "2026-10-02T23:05:44.098Z" },
    { url = "https://files.pythonhosted.org/packages/1c/65/db101cce51b7ba4864ac491a9859d297dd1adf0e55b103fee9db9c47c527/markupsafe-3.0.4-cp314-cp314-musllinux_1_2_armv7l.whl", hash = "sha256:340cbb1957ba99929cbf19a75626d36ba1ae21d1730b287d1cf7f824a20c4fc7", size = 22674, upload-time = "2026-10-02T23:05:45.23Z" },
    { url = "https://files.pythonhosted.org/packages/e0/49/ddee9813d71db0c7a5c9d97c832125e6758a0c844777f1cf076569bb0e22/markupsafe-3.0.4-cp314-cp314-musllinux_1_2_ppc64le.whl", hash = "sha256:3a93d9616ddecfb393727a0041a562cf0b15a244e20f2bd25efc7949be4c4f17", size = 24104, upload-time = "2026-10-02T23:05:46.398Z" },
    { url = "https://files.pythonhosted.org/packages/aa/0e/7d8518d726726870a2399d69fd30d0fa36c5e57a2132c336b58d7c491073/markupsafe-3.0.4-cp314-cp314-musllinux_1_2_riscv64.whl", hash = "sha256:d2e56fd3b00222722abfb3f5f0759ddbae4b90811b5ad4343c64030ad1bde70c", size = 21637, upload-time = "2026-10-02T23:05:47.48Z" },
    { url = "https://files.pythonhosted.org/packages/b4/b0/b505e8a361ba557dbf3b3aa7331ea39b00d2022a26e925ff8463b9714bb3/markupsafe-3.0.4-cp314-cp314-musllinux_1_2_x86_64.whl", hash = "sha256:0d9c47709875fdb321452056622e930c52afbc07a7d780762fbb8b4d91ce6fa4", size = 23081, upload-time = "2026-10-02T23:05:48.611Z" },
    { url = "https://files.pythonhosted.org/packages/1c/ea/9cc3cea873f980c75cbdb6f4277ce30ee955de38be0b3d02f14c108e0698/markupsafe-3.0.4-cp314-cp314-win32.whl", hash = "sha256:38fc55594dab834470b6733dead2ee9e3f657fb0608c769dcafa0ba5ab52f45c", size = 14272, upload-time = "2026-10-02T23:05:49.707Z" },
    { url = "https://files.pythonhosted.org/packages/80/f0/5792ff768a410f93ee3f84fc19345295ffc352d2c936b424cb37e514714c/markupsafe-3.0.4-cp314-cp314-win_amd64.whl", hash = "sha256:c1bc67752d5f21013cfe430df4062441714eab79f65a6a05e01505957e9c35fe", size = 14501, upload-time = "2026-10-02T23:05:50.788Z" },
    { url = "https://files.pythonhosted.org/packages/5f/cf/3d074a8edffcc6899355232ff2543ae8d929733239596423b7db79698bc9/markupsafe-3.0.4-cp314-cp314-win_arm64.whl", hash = "sha256:7e1636da3d8dfc220b6dd10264db5f2b165e4888c4518594898fbe381049af8a", size = 14364, upload-time = "2026-10-02T23:05:51.857Z" },
    { url = "https://files.pythonhosted.org/packages/d9/31/87ce42159aae2163cf3bbbd0c44bc87780510eecab1ea3859099aed95dcb/markupsafe-3.0.4-cp314-cp314t-macosx_10_15_x86_64.whl", hash = "sha256:805c8b84534fa10891890f0e4be39f3a99e94615d93e8836bf9fa1fdca2feeb2", size = 11759, upload-time = "2026-10-02T23:05:52.951Z" },
    { url = "https://files.pythonhosted.org/packages/5f/53/b047207eeb7752e960aca3eb1df5fb7eefa7dd4c62ac49bb156456c8a702/markupsafe-3.0.4-cp314-cp314t-macosx_11_0_arm64.whl", hash = "sha256:fa95848c929b6a75f6848d3c9793e59db365ee436776e57db835cdbfa79ba977", size = 12096, upload-time = "2026-10-02T23:05:54.066Z" },
    { url = "https://files.pythonhosted.org/packages/ee/51/4326c88a13c7b755657d44b4bb986f8c3d9843ecba7e22d98661d87f9a57/markupsafe-3.0.4-cp314-cp314t-manylinux2014_aarch64.manylinux_2_17_aarch64.manylinux_2_28_aarch64.whl", hash = "sha256:e916035e3e9930cbdfdd10abf48861340221857f45509565898e012263f7b289", size = 25699, upload-time = "2026-10-02T23:05:55.15Z" },
    { url = "https://files.pythonhosted.org/packages/f2/bb/990581b7474bfcf2cf34bed6ba5ea23bd87adb9d671213d68e88620e7a6b/markupsafe-3.0.4-cp314-cp314t-manylinux2014_armv7l.manylinux_2_17_armv7l.manylinux_2_31_armv7l.whl", hash = "sha256:b4d12837e0203bbace818ff4a7461afdcd78bcd782351cea148139180d7bcffe", size = 27804, upload-time = "2026-10-02T23:05:56.29Z" },
    { url = "https://files.pythonhosted.org/packages/6b/89/89491878c28e8291f5aa2fffe2c2d57230d10ae366d55dd810b840513d78/markupsafe-3.0.4-cp314-cp314t-manylinux2014_ppc64le.manylinux_2_17_ppc64le.manylinux_2_28_ppc64le.whl", hash = "sha256:5086f9975abb1ab531ee6afca1761e4b59a19b446f3f6522ed776963228cfe5a", size = 25912, upload-time = "2026-10-02T23:05:57.416Z" },
    { url = "https://files.pythonhosted.org/packages/30/77/680998b54efdea06fc114565cd739b6d059f826a0279219b218dfa750d29/markupsafe-3.0.4-cp314-cp314t-manylinux2014_x86_64.manylinux_2_17_x86_64.manylinux_2_28_x86_64.whl", hash = "sha256:b4a635a0487774f841cb1fb62e907e7195cc95bc761e053184b8acc3ceb20733", size = 23623, upload-time = "2026-10-02T23:05:58.557Z" },
    { url = "https://files.pythonhosted.org/packages/ae/75/2709f5ac5de9467b40b10e2bb8f89cc63dfb74582e09aa734b1124a217de/markupsafe-3.0.4-cp314-cp314t-manylinux_2_31_riscv64.manylinux_2_39_riscv64.whl", hash = "sha256:cb96e6e088d6cf71c1ea977510948320234824cf226e32f6f6e044f7a9c82b34", size = 23301, upload-time = "2026-10-02T23:05:59.94Z" },
    { url = "https://files.pythonhosted.org/packages/a0/c8/39eadc6c5b14c9c7679bfb98f4d4c6a97863b5beb91839aca4d2d6e16e55/markupsafe-3.0.4-cp314-cp314t-musllinux_1_2_aarch64.whl", hash = "sha256:8b5d563170ff8ba3181caa967c99a3c804d1dedb702c7cb93a6a7c32247da978", size = 24950, upload-time = "2026-10-02T23:06:01.289Z" },
    { url = "https://files.pythonhosted.org/packages/1a/5e/01037f8a43e8ccb0bffb4fbdc5212db05bf080fdd7286cd392332d58128a/markupsafe-3.0.4-cp314-cp314t-musllinux_1_2_armv7l.whl", hash = "sha256:396ec4e65cc889f69786b3b89478b471cee5a3bcf468b9d9bb03e1a30fb291fc", size = 23330, upload-time = "2026-10-02T23:06:02.441Z" },
    { url = "https://files.pythonhosted.org/packages/d4/f4/23e83ce0596bb0cbe670502d31df8f757bbd01a392aa486fa3b40d1ed399/markupsafe-3.0.4-cp314-cp314t-musllinux_1_2_ppc64le.whl", hash = "sha256:15ba9e28640feef770374b116a6f019c21f52404aeabe516aa7f800587b98cfc", size = 25239, upload-time = "2026-10-02T23:06:03.579Z" },
    { url = "https://files.pythonhosted.org/packages/88/5b/3708897368073cc683d524750474f41a77d2986152c380dcc55b20fdf340/markupsafe-3.0.4-cp314-cp314t-musllinux_1_2_riscv64.whl", hash = "sha256:d920abdfa61279ba1a2ef9484aab07bf03331f8c08a10120fa332353d06e6932", size = 22767, upload-time = "2026-10-02T23:06:04.699Z" },
    { url = "https://files.pythonhosted.org/packages/c6/61/ebda1307864b409e6b3115757a3d4a09cca46cfb6cc65191b5de226b424b/markupsafe-3.0.4-cp314-cp314t-musllinux_1_2_x86_64.whl", hash = "sha256:a9f54054101545a9a9cccefddf54316aa6e4491611fcbef9e91b3b6bebec04f6", size = 23668, upload-time = "2026-10-02T23:06:05.9Z" },
    { url = "https://files.pythonhosted.org/packages/09/15/98075cceac3b5ba0dbb8e4762a847be967d2befc349a2cf2d0ac77f62c9d/markupsafe-3.0.4-cp314-cp314t-win32.whl", hash = "sha256:12a606a492de952afcb43b59a14aaaaad120e708d3663dd0fdf2d738d427a691", size = 14301, upload-time = "2026-10-02T23:06:07.109Z" },
    { url = "https://files.pythonhosted.org/packages/0b/a3/768b560fcc4156685cb563d922b217810cfa7bc135773367f62f1f9d2078/markupsafe-3.0.4-cp314-cp314t-win_amd64.whl", hash = "sha256:a18f38cafc329bac5e3c2b96c765b4c96d3d103421ed22ab7988c1e3fce27464", size = 14526, upload-time = "2026-10-02T23:06:08.276Z" },
    { url = "https://files.pythonhosted.org/packages/93/63/da554b4c97a6b0ea3229ca7fe8cbfb620be81613d517f482e85958550537/markupsafe-3.0.4-cp314-cp314t-win_arm64.whl", hash = "sha256:eba154571c16e032112afac0dc2dfe9e63c2ceb7aedd07bb7eecf2ce26d4dd4c", size = 14421, upload-time = "2026-10-02T23:06:09.402Z" },
]

[[package]]
name = "pathspec"
version = "1.1.1"
source = { registry = "https://pypi.org/simple" }
sdist = { url = "https://files.pythonhosted.org/packages/5a/82/42f767fc1c1143d6fd36efb827202a2d997a375e160a71eb2888a925aac1/pathspec-1.1.1.tar.gz", hash = "sha256:17db5ecd524104a120e173814c90367a96a98d07c45b2e10c2f3919fff91bf5a", size = 135180, upload-time = "2026-04-27T01:46:08.907Z" }
wheels = [
    { url = "https://files.pythonhosted.org/packages/f1/d9/7fb5aa316bc299258e68c73ba3bddbc499654a07f151cba08f6153988714/pathspec-1.1.1-py3-none-any.whl", hash = "sha256:a00ce642f577bf7f473932318056212bc4f8bfdf53128c78bbd5af0b9b20b189", size = 57328, upload-time = "2026-04-27T01:46:07.06Z" },
]

[[package]]
name = "pygments"
version = "2.21.0"
source = { registry = "https://pypi.org/simple" }
sdist = { url = "https://files.pythonhosted.org/packages/49/2e/ced460408999b33da6b31b0021b0f37d329e202d4169aeb164493778f25b/pygments-2.21.0.tar.gz", hash = "sha256:610ca751c9bc2492b38eb9a38a7fbc93edbbb2d7182edaf34e66ae493dee5c8c", size = 5005329, upload-time = "2026-08-17T08:02:48.824Z" }
wheels = [
    { url = "https://files.pythonhosted.org/packages/71/46/17f022dd3e953bf20a04a028a21ec746d942f8d2af30fa0f124fa0e6a684/pygments-2.21.0-py3-none-any.whl", hash = "sha256:2363c69b61c4a97c838da3b130dcd6468f4848992b21a82f2a63ec34377137d9", size = 1250147, upload-time = "2026-08-17T08:02:44.912Z" },
]

[[package]]
name = "pymdown-extensions"
version = "12.1"
source = { registry = "https://pypi.org/simple" }
dependencies = [
    { name = "markdown" },
    { name = "pyyaml" },
]
sdist = { url = "https://files.pythonhosted.org/packages/2a/94/858e0163cb4d83d6d8234018a01792c749a56daee41794cac7d6c46661e8/pymdown_extensions-12.1.tar.gz", hash = "sha256:fdb8f47f5d7fd069d10ef2a7d8908e613d7865ff0419d544a0ffd3984e884f11", size = 868245, upload-time = "2026-09-23T00:08:42Z" }
wheels = [
    { url = "https://files.pythonhosted.org/packages/36/d1/98313da89960a604402266a115311b510254900ff1295ea426403f9423cc/pymdown_extensions-12.1-py3-none-any.whl", hash = "sha256:4a254b771acfcddc6c110a7f4590d818f1f849e2d5aacf69b4b07c8dd2a9700d", size = 277069, upload-time = "2026-09-23T00:08:40.069Z" },
]

[[package]]
name = "pyyaml"
version = "6.0.3"
source = { registry = "https://pypi.org/simple" }
sdist = { url = "https://files.pythonhosted.org/packages/05/8e/961c0007c59b8dd7729d542c61a4d537767a59645b82a0b521206e1e25c2/pyyaml-6.0.3.tar.gz", hash = "sha256:d76623373421df22fb4cf8817020cbb7ef15c725b9d5e45f17e189bfc384190f", size = 130960, upload-time = "2025-09-25T21:33:16.546Z" }
wheels = [
    { url = "https://files.pythonhosted.org/packages/9d/8c/f4bd7f6465179953d3ac9bc44ac1a8a3e6122cf8ada906b4f96c60172d43/pyyaml-6.0.3-cp314-cp314-macosx_10_13_x86_64.whl", hash = "sha256:8d1fab6bb153a416f9aeb4b8763bc0f22a5586065f86f7664fc23339fc1c1fac", size = 181814, upload-time = "2025-09-25T21:32:35.712Z" },
    { url = "https://files.pythonhosted.org/packages/bd/9c/4d95bb87eb2063d20db7b60faa3840c1b18025517ae857371c4dd55a6b3a/pyyaml-6.0.3-cp314-cp314-macosx_11_0_arm64.whl", hash = "sha256:34d5fcd24b8445fadc33f9cf348c1047101756fd760b4dacb5c3e99755703310", size = 173809, upload-time = "2025-09-25T21:32:36.789Z" },
    { url = "https://files.pythonhosted.org/packages/92/b5/47e807c2623074914e29dabd16cbbdd4bf5e9b2db9f8090fa64411fc5382/pyyaml-6.0.3-cp314-cp314-manylinux2014_aarch64.manylinux_2_17_aarch64.manylinux_2_28_aarch64.whl", hash = "sha256:501a031947e3a9025ed4405a168e6ef5ae3126c59f90ce0cd6f2bfc477be31b7", size = 766454, upload-time = "2025-09-25T21:32:37.966Z" },
    { url = "https://files.pythonhosted.org/packages/02/9e/e5e9b168be58564121efb3de6859c452fccde0ab093d8438905899a3a483/pyyaml-6.0.3-cp314-cp314-manylinux2014_s390x.manylinux_2_17_s390x.manylinux_2_28_s390x.whl", hash = "sha256:b3bc83488de33889877a0f2543ade9f70c67d66d9ebb4ac959502e12de895788", size = 836355, upload-time = "2025-09-25T21:32:39.178Z" },
    { url = "https://files.pythonhosted.org/packages/88/f9/16491d7ed2a919954993e48aa941b200f38040928474c9e85ea9e64222c3/pyyaml-6.0.3-cp314-cp314-manylinux2014_x86_64.manylinux_2_17_x86_64.manylinux_2_28_x86_64.whl", hash = "sha256:c458b6d084f9b935061bc36216e8a69a7e293a2f1e68bf956dcd9e6cbcd143f5", size = 794175, upload-time = "2025-09-25T21:32:40.865Z" },
    { url = "https://files.pythonhosted.org/packages/dd/3f/5989debef34dc6397317802b527dbbafb2b4760878a53d4166579111411e/pyyaml-6.0.3-cp314-cp314-musllinux_1_2_aarch64.whl", hash = "sha256:7c6610def4f163542a622a73fb39f534f8c101d690126992300bf3207eab9764", size = 755228, upload-time = "2025-09-25T21:32:42.084Z" },
    { url = "https://files.pythonhosted.org/packages/d7/ce/af88a49043cd2e265be63d083fc75b27b6ed062f5f9fd6cdc223ad62f03e/pyyaml-6.0.3-cp314-cp314-musllinux_1_2_x86_64.whl", hash = "sha256:5190d403f121660ce8d1d2c1bb2ef1bd05b5f68533fc5c2ea899bd15f4399b35", size = 789194, upload-time = "2025-09-25T21:32:43.362Z" },
    { url = "https://files.pythonhosted.org/packages/23/20/bb6982b26a40bb43951265ba29d4c246ef0ff59c9fdcdf0ed04e0687de4d/pyyaml-6.0.3-cp314-cp314-win_amd64.whl", hash = "sha256:4a2e8cebe2ff6ab7d1050ecd59c25d4c8bd7e6f400f5f82b96557ac0abafd0ac", size = 156429, upload-time = "2025-09-25T21:32:57.844Z" },
    { url = "https://files.pythonhosted.org/packages/f4/f4/a4541072bb9422c8a883ab55255f918fa378ecf083f5b85e87fc2b4eda1b/pyyaml-6.0.3-cp314-cp314-win_arm64.whl", hash = "sha256:93dda82c9c22deb0a405ea4dc5f2d0cda384168e466364dec6255b293923b2f3", size = 143912, upload-time = "2025-09-25T21:32:59.247Z" },
    { url = "https://files.pythonhosted.org/packages/7c/f9/07dd09ae774e4616edf6cda684ee78f97777bdd15847253637a6f052a62f/pyyaml-6.0.3-cp314-cp314t-macosx_10_13_x86_64.whl", hash = "sha256:02893d100e99e03eda1c8fd5c441d8c60103fd175728e23e431db1b589cf5ab3", size = 189108, upload-time = "2025-09-25T21:32:44.377Z" },
    { url = "https://files.pythonhosted.org/packages/4e/78/8d08c9fb7ce09ad8c38ad533c1191cf27f7ae1effe5bb9400a46d9437fcf/pyyaml-6.0.3-cp314-cp314t-macosx_11_0_arm64.whl", hash = "sha256:c1ff362665ae507275af2853520967820d9124984e0f7466736aea23d8611fba", size = 183641, upload-time = "2025-09-25T21:32:45.407Z" },
    { url = "https://files.pythonhosted.org/packages/7b/5b/3babb19104a46945cf816d047db2788bcaf8c94527a805610b0289a01c6b/pyyaml-6.0.3-cp314-cp314t-manylinux2014_aarch64.manylinux_2_17_aarch64.manylinux_2_28_aarch64.whl", hash = "sha256:6adc77889b628398debc7b65c073bcb99c4a0237b248cacaf3fe8a557563ef6c", size = 831901, upload-time = "2025-09-25T21:32:48.83Z" },
    { url = "https://files.pythonhosted.org/packages/8b/cc/dff0684d8dc44da4d22a13f35f073d558c268780ce3c6ba1b87055bb0b87/pyyaml-6.0.3-cp314-cp314t-manylinux2014_s390x.manylinux_2_17_s390x.manylinux_2_28_s390x.whl", hash = "sha256:a80cb027f6b349846a3bf6d73b5e95e782175e52f22108cfa17876aaeff93702", size = 861132, upload-time = "2025-09-25T21:32:50.149Z" },
    { url = "https://files.pythonhosted.org/packages/b1/5e/f77dc6b9036943e285ba76b49e118d9ea929885becb0a29ba8a7c75e29fe/pyyaml-6.0.3-cp314-cp314t-manylinux2014_x86_64.manylinux_2_17_x86_64.manylinux_2_28_x86_64.whl", hash = "sha256:00c4bdeba853cc34e7dd471f16b4114f4162dc03e6b7afcc2128711f0eca823c", size = 839261, upload-time = "2025-09-25T21:32:51.808Z" },
    { url = "https://files.pythonhosted.org/packages/ce/88/a9db1376aa2a228197c58b37302f284b5617f56a5d959fd1763fb1675ce6/pyyaml-6.0.3-cp314-cp314t-musllinux_1_2_aarch64.whl", hash = "sha256:66e1674c3ef6f541c35191caae2d429b967b99e02040f5ba928632d9a7f0f065", size = 805272, upload-time = "2025-09-25T21:32:52.941Z" },
    { url = "https://files.pythonhosted.org/packages/da/92/1446574745d74df0c92e6aa4a7b0b3130706a4142b2d1a5869f2eaa423c6/pyyaml-6.0.3-cp314-cp314t-musllinux_1_2_x86_64.whl", hash = "sha256:16249ee61e95f858e83976573de0f5b2893b3677ba71c9dd36b9cf8be9ac6d65", size = 829923, upload-time = "2025-09-25T21:32:54.537Z" },
    { url = "https://files.pythonhosted.org/packages/f0/7a/1c7270340330e575b92f397352af856a8c06f230aa3e76f86b39d01b416a/pyyaml-6.0.3-cp314-cp314t-win_amd64.whl", hash = "sha256:4ad1906908f2f5ae4e5a8ddfce73c320c2a1429ec52eafd27138b7f1cbe341c9", size = 174062, upload-time = "2025-09-25T21:32:55.767Z" },
    { url = "https://files.pythonhosted.org/packages/f1/12/de94a39c2ef588c7e6455cfbe7343d3b2dc9d6b6b2f40c4c6565744c873d/pyyaml-6.0.3-cp314-cp314t-win_arm64.whl", hash = "sha256:ebc55a14a21cb14062aa4162f906cd962b28e2e9ea38f9b4391244cd8de4ae0b", size = 149341, upload-time = "2025-09-25T21:32:56.828Z" },
]

[[package]]
name = "tomli"
version = "2.4.1"
source = { registry = "https://pypi.org/simple" }
sdist = { url = "https://files.pythonhosted.org/packages/22/de/48c59722572767841493b26183a0d1cc411d54fd759c5607c4590b6563a6/tomli-2.4.1.tar.gz", hash = "sha256:7c7e1a961a0b2f2472c1ac5b69affa0ae1132c39adcb67aba98568702b9cc23f", size = 17543, upload-time = "2026-03-25T20:22:03.828Z" }
wheels = [
    { url = "https://files.pythonhosted.org/packages/3c/fb/9a5c8d27dbab540869f7c1f8eb0abb3244189ce780ba9cd73f3770662072/tomli-2.4.1-cp314-cp314-macosx_10_15_x86_64.whl", hash = "sha256:fd0409a3653af6c147209d267a0e4243f0ae46b011aa978b1080359fddc9b6cf", size = 155726, upload-time = "2026-03-25T20:21:42.23Z" },
    { url = "https://files.pythonhosted.org/packages/62/05/d2f816630cc771ad836af54f5001f47a6f611d2d39535364f148b6a92d6b/tomli-2.4.1-cp314-cp314-macosx_11_0_arm64.whl", hash = "sha256:a120733b01c45e9a0c34aeef92bf0cf1d56cfe81ed9d47d562f9ed591a9828ac", size = 149859, upload-time = "2026-03-25T20:21:43.386Z" },
    { url = "https://files.pythonhosted.org/packages/ce/48/66341bdb858ad9bd0ceab5a86f90eddab127cf8b046418009f2125630ecb/tomli-2.4.1-cp314-cp314-manylinux2014_aarch64.manylinux_2_17_aarch64.manylinux_2_28_aarch64.whl", hash = "sha256:559db847dc486944896521f68d8190be1c9e719fced785720d2216fe7022b662", size = 244713, upload-time = "2026-03-25T20:21:44.474Z" },
    { url = "https://files.pythonhosted.org/packages/df/6d/c5fad00d82b3c7a3ab6189bd4b10e60466f22cfe8a08a9394185c8a8111c/tomli-2.4.1-cp314-cp314-manylinux2014_x86_64.manylinux_2_17_x86_64.manylinux_2_28_x86_64.whl", hash = "sha256:01f520d4f53ef97964a240a035ec2a869fe1a37dde002b57ebc4417a27ccd853", size = 252084, upload-time = "2026-03-25T20:21:45.62Z" },
    { url = "https://files.pythonhosted.org/packages/00/71/3a69e86f3eafe8c7a59d008d245888051005bd657760e96d5fbfb0b740c2/tomli-2.4.1-cp314-cp314-musllinux_1_2_aarch64.whl", hash = "sha256:7f94b27a62cfad8496c8d2513e1a222dd446f095fca8987fceef261225538a15", size = 247973, upload-time = "2026-03-25T20:21:46.937Z" },
    { url = "https://files.pythonhosted.org/packages/67/50/361e986652847fec4bd5e4a0208752fbe64689c603c7ae5ea7cb16b1c0ca/tomli-2.4.1-cp314-cp314-musllinux_1_2_x86_64.whl", hash = "sha256:ede3e6487c5ef5d28634ba3f31f989030ad6af71edfb0055cbbd14189ff240ba", size = 256223, upload-time = "2026-03-25T20:21:48.467Z" },
    { url = "https://files.pythonhosted.org/packages/8c/9a/b4173689a9203472e5467217e0154b00e260621caa227b6fa01feab16998/tomli-2.4.1-cp314-cp314-win32.whl", hash = "sha256:3d48a93ee1c9b79c04bb38772ee1b64dcf18ff43085896ea460ca8dec96f35f6", size = 98973, upload-time = "2026-03-25T20:21:49.526Z" },
    { url = "https://files.pythonhosted.org/packages/14/58/640ac93bf230cd27d002462c9af0d837779f8773bc03dee06b5835208214/tomli-2.4.1-cp314-cp314-win_amd64.whl", hash = "sha256:88dceee75c2c63af144e456745e10101eb67361050196b0b6af5d717254dddf7", size = 109082, upload-time = "2026-03-25T20:21:50.506Z" },
    { url = "https://files.pythonhosted.org/packages/d5/2f/702d5e05b227401c1068f0d386d79a589bb12bf64c3d2c72ce0631e3bc49/tomli-2.4.1-cp314-cp314-win_arm64.whl", hash = "sha256:b8c198f8c1805dc42708689ed6864951fd2494f924149d3e4bce7710f8eb5232", size = 96490, upload-time = "2026-03-25T20:21:51.474Z" },
    { url = "https://files.pythonhosted.org/packages/45/4b/b877b05c8ba62927d9865dd980e34a755de541eb65fffba52b4cc495d4d2/tomli-2.4.1-cp314-cp314t-macosx_10_15_x86_64.whl", hash = "sha256:d4d8fe59808a54658fcc0160ecfb1b30f9089906c50b23bcb4c69eddc19ec2b4", size = 164263, upload-time = "2026-03-25T20:21:52.543Z" },
    { url = "https://files.pythonhosted.org/packages/24/79/6ab420d37a270b89f7195dec5448f79400d9e9c1826df982f3f8e97b24fd/tomli-2.4.1-cp314-cp314t-macosx_11_0_arm64.whl", hash = "sha256:7008df2e7655c495dd12d2a4ad038ff878d4ca4b81fccaf82b714e07eae4402c", size = 160736, upload-time = "2026-03-25T20:21:53.674Z" },
    { url = "https://files.pythonhosted.org/packages/02/e0/3630057d8eb170310785723ed5adcdfb7d50cb7e6455f85ba8a3deed642b/tomli-2.4.1-cp314-cp314t-manylinux2014_aarch64.manylinux_2_17_aarch64.manylinux_2_28_aarch64.whl", hash = "sha256:1d8591993e228b0c930c4bb0db464bdad97b3289fb981255d6c9a41aedc84b2d", size = 270717, upload-time = "2026-03-25T20:21:55.129Z" },
    { url = "https://files.pythonhosted.org/packages/7a/b4/1613716072e544d1a7891f548d8f9ec6ce2faf42ca65acae01d76ea06bb0/tomli-2.4.1-cp314-cp314t-manylinux2014_x86_64.manylinux_2_17_x86_64.manylinux_2_28_x86_64.whl", hash = "sha256:734e20b57ba95624ecf1841e72b53f6e186355e216e5412de414e3c51e5e3c41", size = 278461, upload-time = "2026-03-25T20:21:56.228Z" },
    { url = "https://files.pythonhosted.org/packages/05/38/30f541baf6a3f6df77b3df16b01ba319221389e2da59427e221ef417ac0c/tomli-2.4.1-cp314-cp314t-musllinux_1_2_aarch64.whl", hash = "sha256:8a650c2dbafa08d42e51ba0b62740dae4ecb9338eefa093aa5c78ceb546fcd5c", size = 274855, upload-time = "2026-03-25T20:21:57.653Z" },
    { url = "https://files.pythonhosted.org/packages/77/a3/ec9dd4fd2c38e98de34223b995a3b34813e6bdadf86c75314c928350ed14/tomli-2.4.1-cp314-cp314t-musllinux_1_2_x86_64.whl", hash = "sha256:504aa796fe0569bb43171066009ead363de03675276d2d121ac1a4572397870f", size = 283144, upload-time = "2026-03-25T20:21:59.089Z" },
    { url = "https://files.pythonhosted.org/packages/ef/be/605a6261cac79fba2ec0c9827e986e00323a1945700969b8ee0b30d85453/tomli-2.4.1-cp314-cp314t-win32.whl", hash = "sha256:b1d22e6e9387bf4739fbe23bfa80e93f6b0373a7f1b96c6227c32bef95a4d7a8", size = 108683, upload-time = "2026-03-25T20:22:00.214Z" },
    { url = "https://files.pythonhosted.org/packages/12/64/da524626d3b9cc40c168a13da8335fe1c51be12c0a63685cc6db7308daae/tomli-2.4.1-cp314-cp314t-win_amd64.whl", hash = "sha256:2c1c351919aca02858f740c6d33adea0c5deea37f9ecca1cc1ef9e884a619d26", size = 121196, upload-time = "2026-03-25T20:22:01.169Z" },
    { url = "https://files.pythonhosted.org/packages/5a/cd/e80b62269fc78fc36c9af5a6b89c835baa8af28ff5ad28c7028d60860320/tomli-2.4.1-cp314-cp314t-win_arm64.whl", hash = "sha256:eab21f45c7f66c13f2a9e0e1535309cee140182a9cdae1e041d02e47291e8396", size = 100393, upload-time = "2026-03-25T20:22:02.137Z" },
    { url = "https://files.pythonhosted.org/packages/7b/61/cceae43728b7de99d9b847560c262873a1f6c98202171fd5ed62640b494b/tomli-2.4.1-py3-none-any.whl", hash = "sha256:0d85819802132122da43cb86656f8d1f8c6587d54ae7dcaf30e90533028b49fe", size = 14583, upload-time = "2026-03-25T20:22:03.012Z" },
]

[[package]]
name = "zensical"
version = "0.0.68"
source = { registry = "https://pypi.org/simple" }
dependencies = [
    { name = "click" },
    { name = "deepmerge" },
    { name = "jinja2" },
    { name = "markdown" },
    { name = "pathspec" },
    { name = "pygments" },
    { name = "pymdown-extensions" },
    { name = "pyyaml" },
    { name = "tomli" },
]
sdist = { url = "https://files.pythonhosted.org/packages/42/f2/a0e5616a7cb325242f4b5b4c86aed54ce23ea8bd9e9802e15a97c0f7b80b/zensical-0.0.68.tar.gz", hash = "sha256:2acf102837eabae9a375106ee729f99c0ac0d36255c00fdcdd64dcf41409965c", size = 4307488, upload-time = "2026-10-05T15:41:38.952Z" }
wheels = [
    { url = "https://files.pythonhosted.org/packages/00/93/86a85b421dd27cad4414f3a8775c3cd72676f2d6df0816e059a9acd87337/zensical-0.0.68-cp311-abi3-macosx_10_12_x86_64.whl", hash = "sha256:61fe8425f22a36dfd34962811f651c0a69faaf39e38518c90f55c09b381974df", size = 18070895, upload-time = "2026-10-05T15:41:14.36Z" },
    { url = "https://files.pythonhosted.org/packages/1f/80/a4ff13b5ba86dd4498d7b210e5137abbeb924d318297536b2c7a89514ebf/zensical-0.0.68-cp311-abi3-macosx_11_0_arm64.whl", hash = "sha256:5b40756883e6ebe6638f91fffde6146a894731d52aee965d514202b7648be671", size = 17603220, upload-time = "2026-10-05T15:41:17.573Z" },
    { url = "https://files.pythonhosted.org/packages/9a/21/c60fdb42ed358b509a2f688a34cc1ee462272b2ebbf8c94f71d824b77c8e/zensical-0.0.68-cp311-abi3-manylinux_2_17_aarch64.manylinux2014_aarch64.whl", hash = "sha256:c21a3d5e06e7c9c7761fbd7c9322cd6a69c4ea6d26db98e8110ac7bfdb70c921", size = 18110355, upload-time = "2026-10-05T15:41:20.528Z" },
    { url = "https://files.pythonhosted.org/packages/31/60/2611203cd0ad006ccbd6c4889f4745beecb76115fdc6ee6ea1435c0c1261/zensical-0.0.68-cp311-abi3-manylinux_2_17_armv7l.manylinux2014_armv7l.whl", hash = "sha256:46e5600dc78ca811f0079c3766038a46419bf6e9bdba30e3e1302a13b8ae9b9b", size = 18045909, upload-time = "2026-10-05T15:41:23.132Z" },
    { url = "https://files.pythonhosted.org/packages/1f/67/b2f1d61b312ffd9f8f37754f931a089967f75c929e3b0dcc2947f2692bd3/zensical-0.0.68-cp311-abi3-manylinux_2_17_x86_64.manylinux2014_x86_64.whl", hash = "sha256:09cb5caf676375d1586e1d6d114e9b6812e0f153120a477246b80b1478243b0e", size = 18586515, upload-time = "2026-10-05T15:41:25.698Z" },
    { url = "https://files.pythonhosted.org/packages/04/02/552b3c461514ae53379b34f79adae303cfc08745614b2abe7667085b9014/zensical-0.0.68-cp311-abi3-musllinux_1_2_aarch64.whl", hash = "sha256:ac5015e27c17e8ab02c83b36858c56808dde7891a50c70a9498dbc3edd882874", size = 18276394, upload-time = "2026-10-05T15:41:28.365Z" },
    { url = "https://files.pythonhosted.org/packages/3c/8a/76245b9a2053c2466662a3891730d081a8c9349cc67bc147ec394bc6cd9a/zensical-0.0.68-cp311-abi3-musllinux_1_2_x86_64.whl", hash = "sha256:d24a7caf0c14e5e3fb4ff1521ee5836c7fbf7767f59d3ecf2d9c01fd69ccfc2c", size = 18844257, upload-time = "2026-10-05T15:41:31.294Z" },
    { url = "https://files.pythonhosted.org/packages/6e/0d/84beca8c541326c4b0541f9f863f90a918cd3a57d02cd95701cfc6f2c8cd/zensical-0.0.68-cp311-abi3-win_amd64.whl", hash = "sha256:cc2cfdaa046fd56f0f38684c069078615564e3dab1688aba54ae71681b3a0270", size = 18716085, upload-time = "2026-10-05T15:41:34.14Z" },
    { url = "https://files.pythonhosted.org/packages/ba/c8/ea991131b0fb72eaf46679f7b38c9c2285d584bfd5e3e138b868f509d44a/zensical-0.0.68-cp311-abi3-win_arm64.whl", hash = "sha256:f47a396ca7a7c60eefd5bb090f8974c94918937c7f7f41c316ecefd51eeec876", size = 18137272, upload-time = "2026-10-05T15:41:36.68Z" },
]
